
Microsoft Visual Studio Solution File, Format Version 12.00
# Visual Studio Version 16
VisualStudioVersion = 16.0.29123.88
MinimumVisualStudioVersion = 10.0.40219.1
Project("{FAE04EC0-301F-11D3-BF4B-00C04F79EFBC}") = "AppArListCountries", "AppArListCountries\AppArListCountries.csproj", "{1F5B394F-4DD5-49FA-9910-1C04433F24DF}"
EndProject
Global
	GlobalSection(SolutionConfigurationPlatforms) = preSolution
		Debug|Any CPU = Debug|Any CPU
		Release|Any CPU = Release|Any CPU
	EndGlobalSection
	GlobalSection(ProjectConfigurationPlatforms) = postSolution
		{1F5B394F-4DD5-49FA-9910-1C04433F24DF}.Debug|Any CPU.ActiveCfg = Debug|Any CPU
		{1F5B394F-4DD5-49FA-9910-1C04433F24DF}.Debug|Any CPU.Build.0 = Debug|Any CPU
		{1F5B394F-4DD5-49FA-9910-1C04433F24DF}.Release|Any CPU.ActiveCfg = Release|Any CPU
		{1F5B394F-4DD5-49FA-9910-1C04433F24DF}.Release|Any CPU.Build.0 = Release|Any CPU
	EndGlobalSection
	GlobalSection(SolutionProperties) = preSolution
		HideSolutionNode = FALSE
	EndGlobalSection
	GlobalSection(ExtensibilityGlobals) = postSolution
		SolutionGuid = {6112464D-04EF-4693-A503-CB5FE61E58B1}
	EndGlobalSection
EndGlobal
