
Microsoft Visual Studio Solution File, Format Version 12.00
# Visual Studio Version 16
VisualStudioVersion = 16.0.29123.88
MinimumVisualStudioVersion = 10.0.40219.1
Project("{FAE04EC0-301F-11D3-BF4B-00C04F79EFBC}") = "AppValidationRevised", "AppValidationRevised\AppValidationRevised.csproj", "{C94359D4-6B92-4B13-87D9-351F0662E944}"
EndProject
Global
	GlobalSection(SolutionConfigurationPlatforms) = preSolution
		Debug|Any CPU = Debug|Any CPU
		Release|Any CPU = Release|Any CPU
	EndGlobalSection
	GlobalSection(ProjectConfigurationPlatforms) = postSolution
		{C94359D4-6B92-4B13-87D9-351F0662E944}.Debug|Any CPU.ActiveCfg = Debug|Any CPU
		{C94359D4-6B92-4B13-87D9-351F0662E944}.Debug|Any CPU.Build.0 = Debug|Any CPU
		{C94359D4-6B92-4B13-87D9-351F0662E944}.Release|Any CPU.ActiveCfg = Release|Any CPU
		{C94359D4-6B92-4B13-87D9-351F0662E944}.Release|Any CPU.Build.0 = Release|Any CPU
	EndGlobalSection
	GlobalSection(SolutionProperties) = preSolution
		HideSolutionNode = FALSE
	EndGlobalSection
	GlobalSection(ExtensibilityGlobals) = postSolution
		SolutionGuid = {666C19B8-E507-4B55-BB61-03850E2D77A8}
	EndGlobalSection
EndGlobal
